
Microsoft Visual Studio Solution File, Format Version 12.00
# Visual Studio 14
VisualStudioVersion = 14.0.25420.1
MinimumVisualStudioVersion = 10.0.40219.1
Project("{FAE04EC0-301F-11D3-BF4B-00C04F79EFBC}") = "Character movement", "Character movement\Character movement.csproj", "{F5E5A233-85E9-43BA-91AE-925BF75016B4}"
EndProject
Project("{FAE04EC0-301F-11D3-BF4B-00C04F79EFBC}") = "Engine", "Engine\Engine.csproj", "{BC9AA6C8-BAF0-4EC2-BC1E-EE37B86DCA89}"
EndProject
Global
	GlobalSection(SolutionConfigurationPlatforms) = preSolution
		Debug|Any CPU = Debug|Any CPU
		Release|Any CPU = Release|Any CPU
	EndGlobalSection
	GlobalSection(ProjectConfigurationPlatforms) = postSolution
		{F5E5A233-85E9-43BA-91AE-925BF75016B4}.Debug|Any CPU.ActiveCfg = Debug|Any CPU
		{F5E5A233-85E9-43BA-91AE-925BF75016B4}.Debug|Any CPU.Build.0 = Debug|Any CPU
		{F5E5A233-85E9-43BA-91AE-925BF75016B4}.Release|Any CPU.ActiveCfg = Release|Any CPU
		{F5E5A233-85E9-43BA-91AE-925BF75016B4}.Release|Any CPU.Build.0 = Release|Any CPU
		{BC9AA6C8-BAF0-4EC2-BC1E-EE37B86DCA89}.Debug|Any CPU.ActiveCfg = Debug|Any CPU
		{BC9AA6C8-BAF0-4EC2-BC1E-EE37B86DCA89}.Debug|Any CPU.Build.0 = Debug|Any CPU
		{BC9AA6C8-BAF0-4EC2-BC1E-EE37B86DCA89}.Release|Any CPU.ActiveCfg = Release|Any CPU
		{BC9AA6C8-BAF0-4EC2-BC1E-EE37B86DCA89}.Release|Any CPU.Build.0 = Release|Any CPU
	EndGlobalSection
	GlobalSection(SolutionProperties) = preSolution
		HideSolutionNode = FALSE
	EndGlobalSection
EndGlobal
